{
    "base_url": "https:\/\/sepa.kb-projekt.de\/index.php",
    "app_key": "base64:Ygjez3MT\/UTAAoWsOuiKon2Zv\/dbDr6V8hfl7xK3k+0=",
    "app_debug": false,
    "db_host": "k9e1.your-database.de",
    "db_port": 3306,
    "db_name": "kbipro_db1",
    "db_user": "kbipro_1",
    "db_pass": "y6:PYfC\/B[hf",
    "db_charset": "utf8mb4"
}